
Microsoft Visual Studio Solution File, Format Version 12.00
# Visual Studio 15
VisualStudioVersion = 15.0.28307.1000
MinimumVisualStudioVersion = 10.0.40219.1
Project("{FAE04EC0-301F-11D3-BF4B-00C04F79EFBC}") = "lab3", "lab3\lab3.csproj", "{DC94DFE1-0B7C-4DBE-8C69-4FB7FFE7C248}"
EndProject
Global
	GlobalSection(SolutionConfigurationPlatforms) = preSolution
		Debug|Any CPU = Debug|Any CPU
		Release|Any CPU = Release|Any CPU
	EndGlobalSection
	GlobalSection(ProjectConfigurationPlatforms) = postSolution
		{DC94DFE1-0B7C-4DBE-8C69-4FB7FFE7C248}.Debug|Any CPU.ActiveCfg = Debug|Any CPU
		{DC94DFE1-0B7C-4DBE-8C69-4FB7FFE7C248}.Debug|Any CPU.Build.0 = Debug|Any CPU
		{DC94DFE1-0B7C-4DBE-8C69-4FB7FFE7C248}.Release|Any CPU.ActiveCfg = Release|Any CPU
		{DC94DFE1-0B7C-4DBE-8C69-4FB7FFE7C248}.Release|Any CPU.Build.0 = Release|Any CPU
	EndGlobalSection
	GlobalSection(SolutionProperties) = preSolution
		HideSolutionNode = FALSE
	EndGlobalSection
	GlobalSection(ExtensibilityGlobals) = postSolution
		SolutionGuid = {1D532F6E-1E89-4899-AD12-693A84A3B709}
	EndGlobalSection
EndGlobal
