
Microsoft Visual Studio Solution File, Format Version 12.00
# Visual Studio Version 16
VisualStudioVersion = 16.0.29911.84
MinimumVisualStudioVersion = 10.0.40219.1
Project("{FAE04EC0-301F-11D3-BF4B-00C04F79EFBC}") = "ADO", "ADO\ADO.csproj", "{91B25B95-C089-4379-8BBC-7AF936E48EC5}"
EndProject
Global
	GlobalSection(SolutionConfigurationPlatforms) = preSolution
		Debug|Any CPU = Debug|Any CPU
		Release|Any CPU = Release|Any CPU
	EndGlobalSection
	GlobalSection(ProjectConfigurationPlatforms) = postSolution
		{91B25B95-C089-4379-8BBC-7AF936E48EC5}.Debug|Any CPU.ActiveCfg = Debug|Any CPU
		{91B25B95-C089-4379-8BBC-7AF936E48EC5}.Debug|Any CPU.Build.0 = Debug|Any CPU
		{91B25B95-C089-4379-8BBC-7AF936E48EC5}.Release|Any CPU.ActiveCfg = Release|Any CPU
		{91B25B95-C089-4379-8BBC-7AF936E48EC5}.Release|Any CPU.Build.0 = Release|Any CPU
	EndGlobalSection
	GlobalSection(SolutionProperties) = preSolution
		HideSolutionNode = FALSE
	EndGlobalSection
	GlobalSection(ExtensibilityGlobals) = postSolution
		SolutionGuid = {8194B0FD-D71B-4970-9570-697E7FA9798D}
	EndGlobalSection
EndGlobal
